// !$*UTF8*$!
{
	archiveVersion = 1;
	classes = {
	};
	objectVersion = 46;
	objects = {

/* Begin PBXBuildFile section */
		0D1C92481CDA94DE004E6F5A /* main.m in Sources */ = {isa = PBXBuildFile; fileRef = 0D1C92471CDA94DE004E6F5A /* main.m */; };
		0D1C92641CDA94DF004E6F5A /* ReadOnlyTests.m in Sources */ = {isa = PBXBuildFile; fileRef = 0D1C92631CDA94DF004E6F5A /* ReadOnlyTests.m */; };
		0D1C926F1CDA94DF004E6F5A /* ReadOnlyUITests.m in Sources */ = {isa = PBXBuildFile; fileRef = 0D1C926E1CDA94DF004E6F5A /* ReadOnlyUITests.m */; };
		0D1C92851CDA94FC004E6F5A /* -(void)viewDidAppear:(BOOL)animated.txt in Resources */ = {isa = PBXBuildFile; fileRef = 0D1C927D1CDA94FC004E6F5A /* -(void)viewDidAppear:(BOOL)animated.txt */; };
		0D1C92861CDA94FC004E6F5A /* Attributes text.txt in Resources */ = {isa = PBXBuildFile; fileRef = 0D1C927E1CDA94FC004E6F5A /* Attributes text.txt */; };
		0D1C92871CDA94FC004E6F5A /* Call from cell from that button.txt in Resources */ = {isa = PBXBuildFile; fileRef = 0D1C927F1CDA94FC004E6F5A /* Call from cell from that button.txt */; };
		0D1C92881CDA94FC004E6F5A /* Core data.txt in Resources */ = {isa = PBXBuildFile; fileRef = 0D1C92801CDA94FC004E6F5A /* Core data.txt */; };
		0D1C92891CDA94FC004E6F5A /* Get from url.txt in Resources */ = {isa = PBXBuildFile; fileRef = 0D1C92811CDA94FC004E6F5A /* Get from url.txt */; };
		0D1C928A1CDA94FC004E6F5A /* NewLearniOS.txt in Resources */ = {isa = PBXBuildFile; fileRef = 0D1C92821CDA94FC004E6F5A /* NewLearniOS.txt */; };
		0D1C928B1CDA94FC004E6F5A /* RTTMapVC.txt in Resources */ = {isa = PBXBuildFile; fileRef = 0D1C92831CDA94FC004E6F5A /* RTTMapVC.txt */; };
		0D1C928C1CDA94FC004E6F5A /* Table VIew iOS.txt in Resources */ = {isa = PBXBuildFile; fileRef = 0D1C92841CDA94FC004E6F5A /* Table VIew iOS.txt */; };
/* End PBXBuildFile section */

/* Begin PBXContainerItemProxy section */
		0D1C92601CDA94DF004E6F5A /* PBXContainerItemProxy */ = {
			isa = PBXContainerItemProxy;
			containerPortal = 0D1C923B1CDA94DE004E6F5A /* Project object */;
			proxyType = 1;
			remoteGlobalIDString = 0D1C92421CDA94DE004E6F5A;
			remoteInfo = ReadOnly;
		};
		0D1C926B1CDA94DF004E6F5A /* PBXContainerItemProxy */ = {
			isa = PBXContainerItemProxy;
			containerPortal = 0D1C923B1CDA94DE004E6F5A /* Project object */;
			proxyType = 1;
			remoteGlobalIDString = 0D1C92421CDA94DE004E6F5A;
			remoteInfo = ReadOnly;
		};
/* End PBXContainerItemProxy section */

/* Begin PBXFileReference section */
		0D1C92431CDA94DE004E6F5A /* ReadOnly.app */ = {isa = PBXFileReference; explicitFileType = wrapper.application; includeInIndex = 0; path = ReadOnly.app; sourceTree = BUILT_PRODUCTS_DIR; };
		0D1C92471CDA94DE004E6F5A /* main.m */ = {isa = PBXFileReference; lastKnownFileType = sourcecode.c.objc; path = main.m; sourceTree = "<group>"; };
		0D1C925F1CDA94DF004E6F5A /* ReadOnlyTests.xctest */ = {isa = PBXFileReference; explicitFileType = wrapper.cfbundle; includeInIndex = 0; path = ReadOnlyTests.xctest; sourceTree = BUILT_PRODUCTS_DIR; };
		0D1C92631CDA94DF004E6F5A /* ReadOnlyTests.m */ = {isa = PBXFileReference; lastKnownFileType = sourcecode.c.objc; path = ReadOnlyTests.m; sourceTree = "<group>"; };
		0D1C92651CDA94DF004E6F5A /* Info.plist */ = {isa = PBXFileReference; lastKnownFileType = text.plist.xml; path = Info.plist; sourceTree = "<group>"; };
		0D1C926A1CDA94DF004E6F5A /* ReadOnlyUITests.xctest */ = {isa = PBXFileReference; explicitFileType = wrapper.cfbundle; includeInIndex = 0; path = ReadOnlyUITests.xctest; sourceTree = BUILT_PRODUCTS_DIR; };
		0D1C926E1CDA94DF004E6F5A /* ReadOnlyUITests.m */ = {isa = PBXFileReference; lastKnownFileType = sourcecode.c.objc; path = ReadOnlyUITests.m; sourceTree = "<group>"; };
		0D1C92701CDA94DF004E6F5A /* Info.plist */ = {isa = PBXFileReference; lastKnownFileType = text.plist.xml; path = Info.plist; sourceTree = "<group>"; };
		0D1C927D1CDA94FC004E6F5A /* -(void)viewDidAppear:(BOOL)animated.txt */ = {isa = PBXFileReference; fileEncoding = 4; lastKnownFileType = text; path = "-(void)viewDidAppear:(BOOL)animated.txt"; sourceTree = "<group>"; };
		0D1C927E1CDA94FC004E6F5A /* Attributes text.txt */ = {isa = PBXFileReference; fileEncoding = 4; lastKnownFileType = text; path = "Attributes text.txt"; sourceTree = "<group>"; };
		0D1C927F1CDA94FC004E6F5A /* Call from cell from that button.txt */ = {isa = PBXFileReference; fileEncoding = 4; lastKnownFileType = text; path = "Call from cell from that button.txt"; sourceTree = "<group>"; };
		0D1C92801CDA94FC004E6F5A /* Core data.txt */ = {isa = PBXFileReference; fileEncoding = 4; lastKnownFileType = text; path = "Core data.txt"; sourceTree = "<group>"; };
		0D1C92811CDA94FC004E6F5A /* Get from url.txt */ = {isa = PBXFileReference; fileEncoding = 4; lastKnownFileType = text; path = "Get from url.txt"; sourceTree = "<group>"; };
		0D1C92821CDA94FC004E6F5A /* NewLearniOS.txt */ = {isa = PBXFileReference; fileEncoding = 4; lastKnownFileType = text; path = NewLearniOS.txt; sourceTree = "<group>"; };
		0D1C92831CDA94FC004E6F5A /* RTTMapVC.txt */ = {isa = PBXFileReference; fileEncoding = 4; lastKnownFileType = text; path = RTTMapVC.txt; sourceTree = "<group>"; };
		0D1C92841CDA94FC004E6F5A /* Table VIew iOS.txt */ = {isa = PBXFileReference; fileEncoding = 4; lastKnownFileType = text; path = "Table VIew iOS.txt"; sourceTree = "<group>"; };
/* End PBXFileReference section */

/* Begin PBXFrameworksBuildPhase section */
		0D1C92401CDA94DE004E6F5A /* Frameworks */ = {
			isa = PBXFrameworksBuildPhase;
			buildActionMask = 2147483647;
			files = (
			);
			runOnlyForDeploymentPostprocessing = 0;
		};
		0D1C925C1CDA94DF004E6F5A /* Frameworks */ = {
			isa = PBXFrameworksBuildPhase;
			buildActionMask = 2147483647;
			files = (
			);
			runOnlyForDeploymentPostprocessing = 0;
		};
		0D1C92671CDA94DF004E6F5A /* Frameworks */ = {
			isa = PBXFrameworksBuildPhase;
			buildActionMask = 2147483647;
			files = (
			);
			runOnlyForDeploymentPostprocessing = 0;
		};
/* End PBXFrameworksBuildPhase section */

/* Begin PBXGroup section */
		0D1C923A1CDA94DE004E6F5A = {
			isa = PBXGroup;
			children = (
				0D1C927C1CDA94FC004E6F5A /* iOS txt code */,
				0D1C92451CDA94DE004E6F5A /* ReadOnly */,
				0D1C92621CDA94DF004E6F5A /* ReadOnlyTests */,
				0D1C926D1CDA94DF004E6F5A /* ReadOnlyUITests */,
				0D1C92441CDA94DE004E6F5A /* Products */,
			);
			sourceTree = "<group>";
		};
		0D1C92441CDA94DE004E6F5A /* Products */ = {
			isa = PBXGroup;
			children = (
				0D1C92431CDA94DE004E6F5A /* ReadOnly.app */,
				0D1C925F1CDA94DF004E6F5A /* ReadOnlyTests.xctest */,
				0D1C926A1CDA94DF004E6F5A /* ReadOnlyUITests.xctest */,
			);
			name = Products;
			sourceTree = "<group>";
		};
		0D1C92451CDA94DE004E6F5A /* ReadOnly */ = {
			isa = PBXGroup;
			children = (
				0D1C92461CDA94DE004E6F5A /* Supporting Files */,
			);
			path = ReadOnly;
			sourceTree = "<group>";
		};
		0D1C92461CDA94DE004E6F5A /* Supporting Files */ = {
			isa = PBXGroup;
			children = (
				0D1C92471CDA94DE004E6F5A /* main.m */,
			);
			name = "Supporting Files";
			sourceTree = "<group>";
		};
		0D1C92621CDA94DF004E6F5A /* ReadOnlyTests */ = {
			isa = PBXGroup;
			children = (
				0D1C92631CDA94DF004E6F5A /* ReadOnlyTests.m */,
				0D1C92651CDA94DF004E6F5A /* Info.plist */,
			);
			path = ReadOnlyTests;
			sourceTree = "<group>";
		};
		0D1C926D1CDA94DF004E6F5A /* ReadOnlyUITests */ = {
			isa = PBXGroup;
			children = (
				0D1C926E1CDA94DF004E6F5A /* ReadOnlyUITests.m */,
				0D1C92701CDA94DF004E6F5A /* Info.plist */,
			);
			path = ReadOnlyUITests;
			sourceTree = "<group>";
		};
		0D1C927C1CDA94FC004E6F5A /* iOS txt code */ = {
			isa = PBXGroup;
			children = (
				0D1C927D1CDA94FC004E6F5A /* -(void)viewDidAppear:(BOOL)animated.txt */,
				0D1C927E1CDA94FC004E6F5A /* Attributes text.txt */,
				0D1C927F1CDA94FC004E6F5A /* Call from cell from that button.txt */,
				0D1C92801CDA94FC004E6F5A /* Core data.txt */,
				0D1C92811CDA94FC004E6F5A /* Get from url.txt */,
				0D1C92821CDA94FC004E6F5A /* NewLearniOS.txt */,
				0D1C92831CDA94FC004E6F5A /* RTTMapVC.txt */,
				0D1C92841CDA94FC004E6F5A /* Table VIew iOS.txt */,
			);
			path = "iOS txt code";
			sourceTree = "<group>";
		};
/* End PBXGroup section */

/* Begin PBXNativeTarget section */
		0D1C92421CDA94DE004E6F5A /* ReadOnly */ = {
			isa = PBXNativeTarget;
			buildConfigurationList = 0D1C92731CDA94DF004E6F5A /* Build configuration list for PBXNativeTarget "ReadOnly" */;
			buildPhases = (
				0D1C923F1CDA94DE004E6F5A /* Sources */,
				0D1C92401CDA94DE004E6F5A /* Frameworks */,
				0D1C92411CDA94DE004E6F5A /* Resources */,
			);
			buildRules = (
			);
			dependencies = (
			);
			name = ReadOnly;
			productName = ReadOnly;
			productReference = 0D1C92431CDA94DE004E6F5A /* ReadOnly.app */;
			productType = "com.apple.product-type.application";
		};
		0D1C925E1CDA94DF004E6F5A /* ReadOnlyTests */ = {
			isa = PBXNativeTarget;
			buildConfigurationList = 0D1C92761CDA94DF004E6F5A /* Build configuration list for PBXNativeTarget "ReadOnlyTests" */;
			buildPhases = (
				0D1C925B1CDA94DF004E6F5A /* Sources */,
				0D1C925C1CDA94DF004E6F5A /* Frameworks */,
				0D1C925D1CDA94DF004E6F5A /* Resources */,
			);
			buildRules = (
			);
			dependencies = (
				0D1C92611CDA94DF004E6F5A /* PBXTargetDependency */,
			);
			name = ReadOnlyTests;
			productName = ReadOnlyTests;
			productReference = 0D1C925F1CDA94DF004E6F5A /* ReadOnlyTests.xctest */;
			productType = "com.apple.product-type.bundle.unit-test";
		};
		0D1C92691CDA94DF004E6F5A /* ReadOnlyUITests */ = {
			isa = PBXNativeTarget;
			buildConfigurationList = 0D1C92791CDA94DF004E6F5A /* Build configuration list for PBXNativeTarget "ReadOnlyUITests" */;
			buildPhases = (
				0D1C92661CDA94DF004E6F5A /* Sources */,
				0D1C92671CDA94DF004E6F5A /* Frameworks */,
				0D1C92681CDA94DF004E6F5A /* Resources */,
			);
			buildRules = (
			);
			dependencies = (
				0D1C926C1CDA94DF004E6F5A /* PBXTargetDependency */,
			);
			name = ReadOnlyUITests;
			productName = ReadOnlyUITests;
			productReference = 0D1C926A1CDA94DF004E6F5A /* ReadOnlyUITests.xctest */;
			productType = "com.apple.product-type.bundle.ui-testing";
		};
/* End PBXNativeTarget section */

/* Begin PBXProject section */
		0D1C923B1CDA94DE004E6F5A /* Project object */ = {
			isa = PBXProject;
			attributes = {
				LastUpgradeCheck = 0730;
				ORGANIZATIONNAME = "Hitesh Kumar";
				TargetAttributes = {
					0D1C92421CDA94DE004E6F5A = {
						CreatedOnToolsVersion = 7.3;
					};
					0D1C925E1CDA94DF004E6F5A = {
						CreatedOnToolsVersion = 7.3;
						TestTargetID = 0D1C92421CDA94DE004E6F5A;
					};
					0D1C92691CDA94DF004E6F5A = {
						CreatedOnToolsVersion = 7.3;
						TestTargetID = 0D1C92421CDA94DE004E6F5A;
					};
				};
			};
			buildConfigurationList = 0D1C923E1CDA94DE004E6F5A /* Build configuration list for PBXProject "ReadOnly" */;
			compatibilityVersion = "Xcode 3.2";
			developmentRegion = English;
			hasScannedForEncodings = 0;
			knownRegions = (
				en,
				Base,
			);
			mainGroup = 0D1C923A1CDA94DE004E6F5A;
			productRefGroup = 0D1C92441CDA94DE004E6F5A /* Products */;
			projectDirPath = "";
			projectRoot = "";
			targets = (
				0D1C92421CDA94DE004E6F5A /* ReadOnly */,
				0D1C925E1CDA94DF004E6F5A /* ReadOnlyTests */,
				0D1C92691CDA94DF004E6F5A /* ReadOnlyUITests */,
			);
		};
/* End PBXProject section */

/* Begin PBXResourcesBuildPhase section */
		0D1C92411CDA94DE004E6F5A /* Resources */ = {
			isa = PBXResourcesBuildPhase;
			buildActionMask = 2147483647;
			files = (
				0D1C92851CDA94FC004E6F5A /* -(void)viewDidAppear:(BOOL)animated.txt in Resources */,
				0D1C92871CDA94FC004E6F5A /* Call from cell from that button.txt in Resources */,
				0D1C928B1CDA94FC004E6F5A /* RTTMapVC.txt in Resources */,
				0D1C928A1CDA94FC004E6F5A /* NewLearniOS.txt in Resources */,
				0D1C92881CDA94FC004E6F5A /* Core data.txt in Resources */,
				0D1C92891CDA94FC004E6F5A /* Get from url.txt in Resources */,
				0D1C928C1CDA94FC004E6F5A /* Table VIew iOS.txt in Resources */,
				0D1C92861CDA94FC004E6F5A /* Attributes text.txt in Resources */,
			);
			runOnlyForDeploymentPostprocessing = 0;
		};
		0D1C925D1CDA94DF004E6F5A /* Resources */ = {
			isa = PBXResourcesBuildPhase;
			buildActionMask = 2147483647;
			files = (
			);
			runOnlyForDeploymentPostprocessing = 0;
		};
		0D1C92681CDA94DF004E6F5A /* Resources */ = {
			isa = PBXResourcesBuildPhase;
			buildActionMask = 2147483647;
			files = (
			);
			runOnlyForDeploymentPostprocessing = 0;
		};
/* End PBXResourcesBuildPhase section */

/* Begin PBXSourcesBuildPhase section */
		0D1C923F1CDA94DE004E6F5A /* Sources */ = {
			isa = PBXSourcesBuildPhase;
			buildActionMask = 2147483647;
			files = (
				0D1C92481CDA94DE004E6F5A /* main.m in Sources */,
			);
			runOnlyForDeploymentPostprocessing = 0;
		};
		0D1C925B1CDA94DF004E6F5A /* Sources */ = {
			isa = PBXSourcesBuildPhase;
			buildActionMask = 2147483647;
			files = (
				0D1C92641CDA94DF004E6F5A /* ReadOnlyTests.m in Sources */,
			);
			runOnlyForDeploymentPostprocessing = 0;
		};
		0D1C92661CDA94DF004E6F5A /* Sources */ = {
			isa = PBXSourcesBuildPhase;
			buildActionMask = 2147483647;
			files = (
				0D1C926F1CDA94DF004E6F5A /* ReadOnlyUITests.m in Sources */,
			);
			runOnlyForDeploymentPostprocessing = 0;
		};
/* End PBXSourcesBuildPhase section */

/* Begin PBXTargetDependency section */
		0D1C92611CDA94DF004E6F5A /* PBXTargetDependency */ = {
			isa = PBXTargetDependency;
			target = 0D1C92421CDA94DE004E6F5A /* ReadOnly */;
			targetProxy = 0D1C92601CDA94DF004E6F5A /* PBXContainerItemProxy */;
		};
		0D1C926C1CDA94DF004E6F5A /* PBXTargetDependency */ = {
			isa = PBXTargetDependency;
			target = 0D1C92421CDA94DE004E6F5A /* ReadOnly */;
			targetProxy = 0D1C926B1CDA94DF004E6F5A /* PBXContainerItemProxy */;
		};
/* End PBXTargetDependency section */

/* Begin XCBuildConfiguration section */
		0D1C92711CDA94DF004E6F5A /* Debug */ = {
			isa = XCBuildConfiguration;
			buildSettings = {
				ALWAYS_SEARCH_USER_PATHS = NO;
				CLANG_ANALYZER_NONNULL = YES;
				CLANG_CXX_LANGUAGE_STANDARD = "gnu++0x";
				CLANG_CXX_LIBRARY = "libc++";
				CLANG_ENABLE_MODULES = YES;
				CLANG_ENABLE_OBJC_ARC = YES;
				CLANG_WARN_BOOL_CONVERSION = YES;
				CLANG_WARN_CONSTANT_CONVERSION = YES;
				CLANG_WARN_DIRECT_OBJC_ISA_USAGE = YES_ERROR;
				CLANG_WARN_EMPTY_BODY = YES;
				CLANG_WARN_ENUM_CONVERSION = YES;
				CLANG_WARN_INT_CONVERSION = YES;
				CLANG_WARN_OBJC_ROOT_CLASS = YES_ERROR;
				CLANG_WARN_UNREACHABLE_CODE = YES;
				CLANG_WARN__DUPLICATE_METHOD_MATCH = YES;
				"CODE_SIGN_IDENTITY[sdk=iphoneos*]" = "iPhone Developer";
				COPY_PHASE_STRIP = NO;
				DEBUG_INFORMATION_FORMAT = dwarf;
				ENABLE_STRICT_OBJC_MSGSEND = YES;
				ENABLE_TESTABILITY = YES;
				GCC_C_LANGUAGE_STANDARD = gnu99;
				GCC_DYNAMIC_NO_PIC = NO;
				GCC_NO_COMMON_BLOCKS = YES;
				GCC_OPTIMIZATION_LEVEL = 0;
				GCC_PREPROCESSOR_DEFINITIONS = (
					"DEBUG=1",
					"$(inherited)",
				);
				GCC_WARN_64_TO_32_BIT_CONVERSION = YES;
				GCC_WARN_ABOUT_RETURN_TYPE = YES_ERROR;
				GCC_WARN_UNDECLARED_SELECTOR = YES;
				GCC_WARN_UNINITIALIZED_AUTOS = YES_AGGRESSIVE;
				GCC_WARN_UNUSED_FUNCTION = YES;
				GCC_WARN_UNUSED_VARIABLE = YES;
				IPHONEOS_DEPLOYMENT_TARGET = 9.3;
				MTL_ENABLE_DEBUG_INFO = YES;
				ONLY_ACTIVE_ARCH = YES;
				SDKROOT = iphoneos;
				TARGETED_DEVICE_FAMILY = "1,2";
			};
			name = Debug;
		};
		0D1C92721CDA94DF004E6F5A /* Release */ = {
			isa = XCBuildConfiguration;
			buildSettings = {
				ALWAYS_SEARCH_USER_PATHS = NO;
				CLANG_ANALYZER_NONNULL = YES;
				CLANG_CXX_LANGUAGE_STANDARD = "gnu++0x";
				CLANG_CXX_LIBRARY = "libc++";
				CLANG_ENABLE_MODULES = YES;
				CLANG_ENABLE_OBJC_ARC = YES;
				CLANG_WARN_BOOL_CONVERSION = YES;
				CLANG_WARN_CONSTANT_CONVERSION = YES;
				CLANG_WARN_DIRECT_OBJC_ISA_USAGE = YES_ERROR;
				CLANG_WARN_EMPTY_BODY = YES;
				CLANG_WARN_ENUM_CONVERSION = YES;
				CLANG_WARN_INT_CONVERSION = YES;
				CLANG_WARN_OBJC_ROOT_CLASS = YES_ERROR;
				CLANG_WARN_UNREACHABLE_CODE = YES;
				CLANG_WARN__DUPLICATE_METHOD_MATCH = YES;
				"CODE_SIGN_IDENTITY[sdk=iphoneos*]" = "iPhone Developer";
				COPY_PHASE_STRIP = NO;
				DEBUG_INFORMATION_FORMAT = "dwarf-with-dsym";
				ENABLE_NS_ASSERTIONS = NO;
				ENABLE_STRICT_OBJC_MSGSEND = YES;
				GCC_C_LANGUAGE_STANDARD = gnu99;
				GCC_NO_COMMON_BLOCKS = YES;
				GCC_WARN_64_TO_32_BIT_CONVERSION = YES;
				GCC_WARN_ABOUT_RETURN_TYPE = YES_ERROR;
				GCC_WARN_UNDECLARED_SELECTOR = YES;
				GCC_WARN_UNINITIALIZED_AUTOS = YES_AGGRESSIVE;
				GCC_WARN_UNUSED_FUNCTION = YES;
				GCC_WARN_UNUSED_VARIABLE = YES;
				IPHONEOS_DEPLOYMENT_TARGET = 9.3;
				MTL_ENABLE_DEBUG_INFO = NO;
				SDKROOT = iphoneos;
				TARGETED_DEVICE_FAMILY = "1,2";
				VALIDATE_PRODUCT = YES;
			};
			name = Release;
		};
		0D1C92741CDA94DF004E6F5A /* Debug */ = {
			isa = XCBuildConfiguration;
			buildSettings = {
				ASSETCATALOG_COMPILER_APPICON_NAME = AppIcon;
				INFOPLIST_FILE = ReadOnly/Info.plist;
				LD_RUNPATH_SEARCH_PATHS = "$(inherited) @executable_path/Frameworks";
				PRODUCT_BUNDLE_IDENTIFIER = HR.ReadOnly;
				PRODUCT_NAME = "$(TARGET_NAME)";
			};
			name = Debug;
		};
		0D1C92751CDA94DF004E6F5A /* Release */ = {
			isa = XCBuildConfiguration;
			buildSettings = {
				ASSETCATALOG_COMPILER_APPICON_NAME = AppIcon;
				INFOPLIST_FILE = ReadOnly/Info.plist;
				LD_RUNPATH_SEARCH_PATHS = "$(inherited) @executable_path/Frameworks";
				PRODUCT_BUNDLE_IDENTIFIER = HR.ReadOnly;
				PRODUCT_NAME = "$(TARGET_NAME)";
			};
			name = Release;
		};
		0D1C92771CDA94DF004E6F5A /* Debug */ = {
			isa = XCBuildConfiguration;
			buildSettings = {
				BUNDLE_LOADER = "$(TEST_HOST)";
				INFOPLIST_FILE = ReadOnlyTests/Info.plist;
				LD_RUNPATH_SEARCH_PATHS = "$(inherited) @executable_path/Frameworks @loader_path/Frameworks";
				PRODUCT_BUNDLE_IDENTIFIER = HR.ReadOnlyTests;
				PRODUCT_NAME = "$(TARGET_NAME)";
				TEST_HOST = "$(BUILT_PRODUCTS_DIR)/ReadOnly.app/ReadOnly";
			};
			name = Debug;
		};
		0D1C92781CDA94DF004E6F5A /* Release */ = {
			isa = XCBuildConfiguration;
			buildSettings = {
				BUNDLE_LOADER = "$(TEST_HOST)";
				INFOPLIST_FILE = ReadOnlyTests/Info.plist;
				LD_RUNPATH_SEARCH_PATHS = "$(inherited) @executable_path/Frameworks @loader_path/Frameworks";
				PRODUCT_BUNDLE_IDENTIFIER = HR.ReadOnlyTests;
				PRODUCT_NAME = "$(TARGET_NAME)";
				TEST_HOST = "$(BUILT_PRODUCTS_DIR)/ReadOnly.app/ReadOnly";
			};
			name = Release;
		};
		0D1C927A1CDA94DF004E6F5A /* Debug */ = {
			isa = XCBuildConfiguration;
			buildSettings = {
				INFOPLIST_FILE = ReadOnlyUITests/Info.plist;
				LD_RUNPATH_SEARCH_PATHS = "$(inherited) @executable_path/Frameworks @loader_path/Frameworks";
				PRODUCT_BUNDLE_IDENTIFIER = HR.ReadOnlyUITests;
				PRODUCT_NAME = "$(TARGET_NAME)";
				TEST_TARGET_NAME = ReadOnly;
			};
			name = Debug;
		};
		0D1C927B1CDA94DF004E6F5A /* Release */ = {
			isa = XCBuildConfiguration;
			buildSettings = {
				INFOPLIST_FILE = ReadOnlyUITests/Info.plist;
				LD_RUNPATH_SEARCH_PATHS = "$(inherited) @executable_path/Frameworks @loader_path/Frameworks";
				PRODUCT_BUNDLE_IDENTIFIER = HR.ReadOnlyUITests;
				PRODUCT_NAME = "$(TARGET_NAME)";
				TEST_TARGET_NAME = ReadOnly;
			};
			name = Release;
		};
/* End XCBuildConfiguration section */

/* Begin XCConfigurationList section */
		0D1C923E1CDA94DE004E6F5A /* Build configuration list for PBXProject "ReadOnly" */ = {
			isa = XCConfigurationList;
			buildConfigurations = (
				0D1C92711CDA94DF004E6F5A /* Debug */,
				0D1C92721CDA94DF004E6F5A /* Release */,
			);
			defaultConfigurationIsVisible = 0;
			defaultConfigurationName = Release;
		};
		0D1C92731CDA94DF004E6F5A /* Build configuration list for PBXNativeTarget "ReadOnly" */ = {
			isa = XCConfigurationList;
			buildConfigurations = (
				0D1C92741CDA94DF004E6F5A /* Debug */,
				0D1C92751CDA94DF004E6F5A /* Release */,
			);
			defaultConfigurationIsVisible = 0;
		};
		0D1C92761CDA94DF004E6F5A /* Build configuration list for PBXNativeTarget "ReadOnlyTests" */ = {
			isa = XCConfigurationList;
			buildConfigurations = (
				0D1C92771CDA94DF004E6F5A /* Debug */,
				0D1C92781CDA94DF004E6F5A /* Release */,
			);
			defaultConfigurationIsVisible = 0;
		};
		0D1C92791CDA94DF004E6F5A /* Build configuration list for PBXNativeTarget "ReadOnlyUITests" */ = {
			isa = XCConfigurationList;
			buildConfigurations = (
				0D1C927A1CDA94DF004E6F5A /* Debug */,
				0D1C927B1CDA94DF004E6F5A /* Release */,
			);
			defaultConfigurationIsVisible = 0;
		};
/* End XCConfigurationList section */
	};
	rootObject = 0D1C923B1CDA94DE004E6F5A /* Project object */;
}
